
Microsoft Visual Studio Solution File, Format Version 12.00
# Visual Studio Version 17
VisualStudioVersion = 17.4.33213.308
MinimumVisualStudioVersion = 10.0.40219.1
Project("{FAE04EC0-301F-11D3-BF4B-00C04F79EFBC}") = "Gross Runner", "Gross Runner\Gross Runner.csproj", "{0A338A8B-F4FA-4271-8049-8784B1E87232}"
EndProject
Global
	GlobalSection(SolutionConfigurationPlatforms) = preSolution
		Debug|Any CPU = Debug|Any CPU
		Release|Any CPU = Release|Any CPU
	EndGlobalSection
	GlobalSection(ProjectConfigurationPlatforms) = postSolution
		{0A338A8B-F4FA-4271-8049-8784B1E87232}.Debug|Any CPU.ActiveCfg = Debug|Any CPU
		{0A338A8B-F4FA-4271-8049-8784B1E87232}.Debug|Any CPU.Build.0 = Debug|Any CPU
		{0A338A8B-F4FA-4271-8049-8784B1E87232}.Release|Any CPU.ActiveCfg = Release|Any CPU
		{0A338A8B-F4FA-4271-8049-8784B1E87232}.Release|Any CPU.Build.0 = Release|Any CPU
	EndGlobalSection
	GlobalSection(SolutionProperties) = preSolution
		HideSolutionNode = FALSE
	EndGlobalSection
	GlobalSection(ExtensibilityGlobals) = postSolution
		SolutionGuid = {AA944A58-CB5A-459E-80E8-D8E398FD47E0}
	EndGlobalSection
EndGlobal
